
Microsoft Visual Studio Solution File, Format Version 12.00
# Visual Studio Version 17
VisualStudioVersion = 17.4.33110.190
MinimumVisualStudioVersion = 10.0.40219.1
Project("{FAE04EC0-301F-11D3-BF4B-00C04F79EFBC}") = "Calculator", "Calculator\Calculator.csproj", "{01198984-509D-4EB4-9CA1-3B8D53406F9F}"
EndProject
Global
	GlobalSection(SolutionConfigurationPlatforms) = preSolution
		Debug|Any CPU = Debug|Any CPU
		Release|Any CPU = Release|Any CPU
	EndGlobalSection
	GlobalSection(ProjectConfigurationPlatforms) = postSolution
		{01198984-509D-4EB4-9CA1-3B8D53406F9F}.Debug|Any CPU.ActiveCfg = Debug|Any CPU
		{01198984-509D-4EB4-9CA1-3B8D53406F9F}.Debug|Any CPU.Build.0 = Debug|Any CPU
		{01198984-509D-4EB4-9CA1-3B8D53406F9F}.Release|Any CPU.ActiveCfg = Release|Any CPU
		{01198984-509D-4EB4-9CA1-3B8D53406F9F}.Release|Any CPU.Build.0 = Release|Any CPU
	EndGlobalSection
	GlobalSection(SolutionProperties) = preSolution
		HideSolutionNode = FALSE
	EndGlobalSection
	GlobalSection(ExtensibilityGlobals) = postSolution
		SolutionGuid = {7A6434C9-F99B-46C3-B796-8D240FC4F332}
	EndGlobalSection
EndGlobal
